
Microsoft Visual Studio Solution File, Format Version 12.00
# Visual Studio 15
VisualStudioVersion = 15.0.27703.2035
MinimumVisualStudioVersion = 10.0.40219.1
Project("{FAE04EC0-301F-11D3-BF4B-00C04F79EFBC}") = "BatiFren.WebApp", "BatiFren.WebApp\BatiFren.WebApp.csproj", "{28B22FAB-1128-412B-BCE0-CD0C6C94E082}"
EndProject
Project("{FAE04EC0-301F-11D3-BF4B-00C04F79EFBC}") = "BatiFren.Business", "BatiFren.Business\BatiFren.Business.csproj", "{D958EA33-A50A-4C77-9696-7F9C963E9C1F}"
EndProject
Project("{FAE04EC0-301F-11D3-BF4B-00C04F79EFBC}") = "BatiFren.DataAccess", "BatiFren.DataAccess\BatiFren.DataAccess.csproj", "{8E4CB1DE-A48D-4E63-AB68-1949235DE5F2}"
EndProject
Project("{FAE04EC0-301F-11D3-BF4B-00C04F79EFBC}") = "BatiFren.Common", "BatiFren.Common\BatiFren.Common.csproj", "{4BA52D92-816B-4B5D-99AD-56802CD86D1D}"
EndProject
Project("{FAE04EC0-301F-11D3-BF4B-00C04F79EFBC}") = "BatiFren.Entities", "BatiFren.Entities\BatiFren.Entities.csproj", "{D6A50A20-4C5C-447E-B290-2D62E3083D96}"
EndProject
Global
	GlobalSection(SolutionConfigurationPlatforms) = preSolution
		Debug|Any CPU = Debug|Any CPU
		Release|Any CPU = Release|Any CPU
	EndGlobalSection
	GlobalSection(ProjectConfigurationPlatforms) = postSolution
		{28B22FAB-1128-412B-BCE0-CD0C6C94E082}.Debug|Any CPU.ActiveCfg = Debug|Any CPU
		{28B22FAB-1128-412B-BCE0-CD0C6C94E082}.Debug|Any CPU.Build.0 = Debug|Any CPU
		{28B22FAB-1128-412B-BCE0-CD0C6C94E082}.Release|Any CPU.ActiveCfg = Release|Any CPU
		{28B22FAB-1128-412B-BCE0-CD0C6C94E082}.Release|Any CPU.Build.0 = Release|Any CPU
		{D958EA33-A50A-4C77-9696-7F9C963E9C1F}.Debug|Any CPU.ActiveCfg = Debug|Any CPU
		{D958EA33-A50A-4C77-9696-7F9C963E9C1F}.Debug|Any CPU.Build.0 = Debug|Any CPU
		{D958EA33-A50A-4C77-9696-7F9C963E9C1F}.Release|Any CPU.ActiveCfg = Release|Any CPU
		{D958EA33-A50A-4C77-9696-7F9C963E9C1F}.Release|Any CPU.Build.0 = Release|Any CPU
		{8E4CB1DE-A48D-4E63-AB68-1949235DE5F2}.Debug|Any CPU.ActiveCfg = Debug|Any CPU
		{8E4CB1DE-A48D-4E63-AB68-1949235DE5F2}.Debug|Any CPU.Build.0 = Debug|Any CPU
		{8E4CB1DE-A48D-4E63-AB68-1949235DE5F2}.Release|Any CPU.ActiveCfg = Release|Any CPU
		{8E4CB1DE-A48D-4E63-AB68-1949235DE5F2}.Release|Any CPU.Build.0 = Release|Any CPU
		{4BA52D92-816B-4B5D-99AD-56802CD86D1D}.Debug|Any CPU.ActiveCfg = Debug|Any CPU
		{4BA52D92-816B-4B5D-99AD-56802CD86D1D}.Debug|Any CPU.Build.0 = Debug|Any CPU
		{4BA52D92-816B-4B5D-99AD-56802CD86D1D}.Release|Any CPU.ActiveCfg = Release|Any CPU
		{4BA52D92-816B-4B5D-99AD-56802CD86D1D}.Release|Any CPU.Build.0 = Release|Any CPU
		{D6A50A20-4C5C-447E-B290-2D62E3083D96}.Debug|Any CPU.ActiveCfg = Debug|Any CPU
		{D6A50A20-4C5C-447E-B290-2D62E3083D96}.Debug|Any CPU.Build.0 = Debug|Any CPU
		{D6A50A20-4C5C-447E-B290-2D62E3083D96}.Release|Any CPU.ActiveCfg = Release|Any CPU
		{D6A50A20-4C5C-447E-B290-2D62E3083D96}.Release|Any CPU.Build.0 = Release|Any CPU
	EndGlobalSection
	GlobalSection(SolutionProperties) = preSolution
		HideSolutionNode = FALSE
	EndGlobalSection
	GlobalSection(ExtensibilityGlobals) = postSolution
		SolutionGuid = {5EE3B82E-534E-4CBA-81D7-F7D186E0F6BB}
	EndGlobalSection
EndGlobal
